
Microsoft Visual Studio Solution File, Format Version 12.00
# Visual Studio Version 17
VisualStudioVersion = 17.0.32014.148
MinimumVisualStudioVersion = 10.0.40219.1
Project("{2150E333-8FDC-42A3-9474-1A3956D46DE8}") = "First Steps In Coding - Exercise", "First Steps In Coding - Exercise", "{5902DBD2-6389-489A-91A3-F7444471D481}"
EndProject
Project("{FAE04EC0-301F-11D3-BF4B-00C04F79EFBC}") = "01.USDtoBGN", "01.USDtoBGN\01.USDtoBGN.csproj", "{FE94046D-A1DA-43B0-8AD9-FA1AC9EE2F5D}"
EndProject
Project("{FAE04EC0-301F-11D3-BF4B-00C04F79EFBC}") = "02.RadiansToDegrees", "02.RadiansToDegrees\02.RadiansToDegrees.csproj", "{8EFEF697-6829-4118-9248-3580EEEAC996}"
EndProject
Project("{FAE04EC0-301F-11D3-BF4B-00C04F79EFBC}") = "03.DepositCalculator", "03.DepositCalculator\03.DepositCalculator.csproj", "{C0875ADC-EADC-438E-8B59-882F05BB8C0A}"
EndProject
Project("{FAE04EC0-301F-11D3-BF4B-00C04F79EFBC}") = "04.VacationBooksList", "04.VacationBooksList\04.VacationBooksList.csproj", "{14ABFCF2-7CB7-4629-90EB-DC1FB807BE41}"
EndProject
Project("{FAE04EC0-301F-11D3-BF4B-00C04F79EFBC}") = "05.SuppliesForSchool", "05.SuppliesForSchool\05.SuppliesForSchool.csproj", "{F1F9469D-5E01-4072-A9FD-3863771270B2}"
EndProject
Project("{FAE04EC0-301F-11D3-BF4B-00C04F79EFBC}") = "06.Repainting", "06.Repainting\06.Repainting.csproj", "{3B1B6E7E-155C-45FE-9714-DD4411B7D96D}"
EndProject
Project("{FAE04EC0-301F-11D3-BF4B-00C04F79EFBC}") = "07.FoodDelivery", "07.FoodDelivery\07.FoodDelivery.csproj", "{7587F7B4-FF1A-425D-A1BC-D9FCB099B054}"
EndProject
Project("{FAE04EC0-301F-11D3-BF4B-00C04F79EFBC}") = "08.BasketballEquipment", "08.BasketballEquipment\08.BasketballEquipment.csproj", "{D0AD7BC1-4023-4A7C-ACB5-98D9A7C2CC2F}"
EndProject
Project("{FAE04EC0-301F-11D3-BF4B-00C04F79EFBC}") = "09.FishTank", "09.FishTank\09.FishTank.csproj", "{D04AFEC4-DB3D-455D-9513-2D883D75083A}"
EndProject
Project("{2150E333-8FDC-42A3-9474-1A3956D46DE8}") = "Conditional Statements - Exercise", "Conditional Statements - Exercise", "{C0652282-B799-4F51-8F55-B688A89EF266}"
EndProject
Project("{FAE04EC0-301F-11D3-BF4B-00C04F79EFBC}") = "01.SumSeconds", "01.SumSeconds\01.SumSeconds.csproj", "{A40875E7-CD59-4962-8F28-6804E4B88BF9}"
EndProject
Project("{FAE04EC0-301F-11D3-BF4B-00C04F79EFBC}") = "02.BonusScore", "02.BonusScore\02.BonusScore.csproj", "{5DAB9C11-BB4B-4C0B-BC7F-CBECC0F3C2B0}"
EndProject
Project("{FAE04EC0-301F-11D3-BF4B-00C04F79EFBC}") = "03.Time+15Minutes", "03.Time+15Minutes\03.Time+15Minutes.csproj", "{ECBCE8E2-3539-4EB0-A359-3D887DB9DCCD}"
EndProject
Project("{FAE04EC0-301F-11D3-BF4B-00C04F79EFBC}") = "04.ToyShop", "04.ToyShop\04.ToyShop.csproj", "{4D445D35-D8E2-4F8F-B396-932F8A24B08C}"
EndProject
Project("{FAE04EC0-301F-11D3-BF4B-00C04F79EFBC}") = "05.GodzillaVsKong", "05.GodzillaVsKong\05.GodzillaVsKong.csproj", "{B013E16B-A7E2-43BC-97A1-54986278061A}"
EndProject
Project("{FAE04EC0-301F-11D3-BF4B-00C04F79EFBC}") = "06.WorldSwimmingRecord", "06.WorldSwimmingRecord\06.WorldSwimmingRecord.csproj", "{B63F8F14-139E-408E-9253-EF2929E055E7}"
EndProject
Project("{FAE04EC0-301F-11D3-BF4B-00C04F79EFBC}") = "07.Shopping", "07.Shopping\07.Shopping.csproj", "{B0B6A828-AC73-4DDA-9D7B-3B902763F065}"
EndProject
Project("{FAE04EC0-301F-11D3-BF4B-00C04F79EFBC}") = "08.LunchBreak", "08.LunchBreak\08.LunchBreak.csproj", "{163A872C-AF22-4084-BC7C-0E5FD894C1FB}"
EndProject
Project("{2150E333-8FDC-42A3-9474-1A3956D46DE8}") = "Conditional Statements Advanced - Exercise", "Conditional Statements Advanced - Exercise", "{2E992542-4AC7-4EF7-BFAD-756BEF0E315B}"
EndProject
Global
	GlobalSection(SolutionConfigurationPlatforms) = preSolution
		Debug|Any CPU = Debug|Any CPU
		Release|Any CPU = Release|Any CPU
	EndGlobalSection
	GlobalSection(ProjectConfigurationPlatforms) = postSolution
		{FE94046D-A1DA-43B0-8AD9-FA1AC9EE2F5D}.Debug|Any CPU.ActiveCfg = Debug|Any CPU
		{FE94046D-A1DA-43B0-8AD9-FA1AC9EE2F5D}.Debug|Any CPU.Build.0 = Debug|Any CPU
		{FE94046D-A1DA-43B0-8AD9-FA1AC9EE2F5D}.Release|Any CPU.ActiveCfg = Release|Any CPU
		{FE94046D-A1DA-43B0-8AD9-FA1AC9EE2F5D}.Release|Any CPU.Build.0 = Release|Any CPU
		{8EFEF697-6829-4118-9248-3580EEEAC996}.Debug|Any CPU.ActiveCfg = Debug|Any CPU
		{8EFEF697-6829-4118-9248-3580EEEAC996}.Debug|Any CPU.Build.0 = Debug|Any CPU
		{8EFEF697-6829-4118-9248-3580EEEAC996}.Release|Any CPU.ActiveCfg = Release|Any CPU
		{8EFEF697-6829-4118-9248-3580EEEAC996}.Release|Any CPU.Build.0 = Release|Any CPU
		{C0875ADC-EADC-438E-8B59-882F05BB8C0A}.Debug|Any CPU.ActiveCfg = Debug|Any CPU
		{C0875ADC-EADC-438E-8B59-882F05BB8C0A}.Debug|Any CPU.Build.0 = Debug|Any CPU
		{C0875ADC-EADC-438E-8B59-882F05BB8C0A}.Release|Any CPU.ActiveCfg = Release|Any CPU
		{C0875ADC-EADC-438E-8B59-882F05BB8C0A}.Release|Any CPU.Build.0 = Release|Any CPU
		{14ABFCF2-7CB7-4629-90EB-DC1FB807BE41}.Debug|Any CPU.ActiveCfg = Debug|Any CPU
		{14ABFCF2-7CB7-4629-90EB-DC1FB807BE41}.Debug|Any CPU.Build.0 = Debug|Any CPU
		{14ABFCF2-7CB7-4629-90EB-DC1FB807BE41}.Release|Any CPU.ActiveCfg = Release|Any CPU
		{14ABFCF2-7CB7-4629-90EB-DC1FB807BE41}.Release|Any CPU.Build.0 = Release|Any CPU
		{F1F9469D-5E01-4072-A9FD-3863771270B2}.Debug|Any CPU.ActiveCfg = Debug|Any CPU
		{F1F9469D-5E01-4072-A9FD-3863771270B2}.Debug|Any CPU.Build.0 = Debug|Any CPU
		{F1F9469D-5E01-4072-A9FD-3863771270B2}.Release|Any CPU.ActiveCfg = Release|Any CPU
		{F1F9469D-5E01-4072-A9FD-3863771270B2}.Release|Any CPU.Build.0 = Release|Any CPU
		{3B1B6E7E-155C-45FE-9714-DD4411B7D96D}.Debug|Any CPU.ActiveCfg = Debug|Any CPU
		{3B1B6E7E-155C-45FE-9714-DD4411B7D96D}.Debug|Any CPU.Build.0 = Debug|Any CPU
		{3B1B6E7E-155C-45FE-9714-DD4411B7D96D}.Release|Any CPU.ActiveCfg = Release|Any CPU
		{3B1B6E7E-155C-45FE-9714-DD4411B7D96D}.Release|Any CPU.Build.0 = Release|Any CPU
		{7587F7B4-FF1A-425D-A1BC-D9FCB099B054}.Debug|Any CPU.ActiveCfg = Debug|Any CPU
		{7587F7B4-FF1A-425D-A1BC-D9FCB099B054}.Debug|Any CPU.Build.0 = Debug|Any CPU
		{7587F7B4-FF1A-425D-A1BC-D9FCB099B054}.Release|Any CPU.ActiveCfg = Release|Any CPU
		{7587F7B4-FF1A-425D-A1BC-D9FCB099B054}.Release|Any CPU.Build.0 = Release|Any CPU
		{D0AD7BC1-4023-4A7C-ACB5-98D9A7C2CC2F}.Debug|Any CPU.ActiveCfg = Debug|Any CPU
		{D0AD7BC1-4023-4A7C-ACB5-98D9A7C2CC2F}.Debug|Any CPU.Build.0 = Debug|Any CPU
		{D0AD7BC1-4023-4A7C-ACB5-98D9A7C2CC2F}.Release|Any CPU.ActiveCfg = Release|Any CPU
		{D0AD7BC1-4023-4A7C-ACB5-98D9A7C2CC2F}.Release|Any CPU.Build.0 = Release|Any CPU
		{D04AFEC4-DB3D-455D-9513-2D883D75083A}.Debug|Any CPU.ActiveCfg = Debug|Any CPU
		{D04AFEC4-DB3D-455D-9513-2D883D75083A}.Debug|Any CPU.Build.0 = Debug|Any CPU
		{D04AFEC4-DB3D-455D-9513-2D883D75083A}.Release|Any CPU.ActiveCfg = Release|Any CPU
		{D04AFEC4-DB3D-455D-9513-2D883D75083A}.Release|Any CPU.Build.0 = Release|Any CPU
		{A40875E7-CD59-4962-8F28-6804E4B88BF9}.Debug|Any CPU.ActiveCfg = Debug|Any CPU
		{A40875E7-CD59-4962-8F28-6804E4B88BF9}.Debug|Any CPU.Build.0 = Debug|Any CPU
		{A40875E7-CD59-4962-8F28-6804E4B88BF9}.Release|Any CPU.ActiveCfg = Release|Any CPU
		{A40875E7-CD59-4962-8F28-6804E4B88BF9}.Release|Any CPU.Build.0 = Release|Any CPU
		{5DAB9C11-BB4B-4C0B-BC7F-CBECC0F3C2B0}.Debug|Any CPU.ActiveCfg = Debug|Any CPU
		{5DAB9C11-BB4B-4C0B-BC7F-CBECC0F3C2B0}.Debug|Any CPU.Build.0 = Debug|Any CPU
		{5DAB9C11-BB4B-4C0B-BC7F-CBECC0F3C2B0}.Release|Any CPU.ActiveCfg = Release|Any CPU
		{5DAB9C11-BB4B-4C0B-BC7F-CBECC0F3C2B0}.Release|Any CPU.Build.0 = Release|Any CPU
		{ECBCE8E2-3539-4EB0-A359-3D887DB9DCCD}.Debug|Any CPU.ActiveCfg = Debug|Any CPU
		{ECBCE8E2-3539-4EB0-A359-3D887DB9DCCD}.Debug|Any CPU.Build.0 = Debug|Any CPU
		{ECBCE8E2-3539-4EB0-A359-3D887DB9DCCD}.Release|Any CPU.ActiveCfg = Release|Any CPU
		{ECBCE8E2-3539-4EB0-A359-3D887DB9DCCD}.Release|Any CPU.Build.0 = Release|Any CPU
		{4D445D35-D8E2-4F8F-B396-932F8A24B08C}.Debug|Any CPU.ActiveCfg = Debug|Any CPU
		{4D445D35-D8E2-4F8F-B396-932F8A24B08C}.Debug|Any CPU.Build.0 = Debug|Any CPU
		{4D445D35-D8E2-4F8F-B396-932F8A24B08C}.Release|Any CPU.ActiveCfg = Release|Any CPU
		{4D445D35-D8E2-4F8F-B396-932F8A24B08C}.Release|Any CPU.Build.0 = Release|Any CPU
		{B013E16B-A7E2-43BC-97A1-54986278061A}.Debug|Any CPU.ActiveCfg = Debug|Any CPU
		{B013E16B-A7E2-43BC-97A1-54986278061A}.Debug|Any CPU.Build.0 = Debug|Any CPU
		{B013E16B-A7E2-43BC-97A1-54986278061A}.Release|Any CPU.ActiveCfg = Release|Any CPU
		{B013E16B-A7E2-43BC-97A1-54986278061A}.Release|Any CPU.Build.0 = Release|Any CPU
		{B63F8F14-139E-408E-9253-EF2929E055E7}.Debug|Any CPU.ActiveCfg = Debug|Any CPU
		{B63F8F14-139E-408E-9253-EF2929E055E7}.Debug|Any CPU.Build.0 = Debug|Any CPU
		{B63F8F14-139E-408E-9253-EF2929E055E7}.Release|Any CPU.ActiveCfg = Release|Any CPU
		{B63F8F14-139E-408E-9253-EF2929E055E7}.Release|Any CPU.Build.0 = Release|Any CPU
		{B0B6A828-AC73-4DDA-9D7B-3B902763F065}.Debug|Any CPU.ActiveCfg = Debug|Any CPU
		{B0B6A828-AC73-4DDA-9D7B-3B902763F065}.Debug|Any CPU.Build.0 = Debug|Any CPU
		{B0B6A828-AC73-4DDA-9D7B-3B902763F065}.Release|Any CPU.ActiveCfg = Release|Any CPU
		{B0B6A828-AC73-4DDA-9D7B-3B902763F065}.Release|Any CPU.Build.0 = Release|Any CPU
		{163A872C-AF22-4084-BC7C-0E5FD894C1FB}.Debug|Any CPU.ActiveCfg = Debug|Any CPU
		{163A872C-AF22-4084-BC7C-0E5FD894C1FB}.Debug|Any CPU.Build.0 = Debug|Any CPU
		{163A872C-AF22-4084-BC7C-0E5FD894C1FB}.Release|Any CPU.ActiveCfg = Release|Any CPU
		{163A872C-AF22-4084-BC7C-0E5FD894C1FB}.Release|Any CPU.Build.0 = Release|Any CPU
	EndGlobalSection
	GlobalSection(SolutionProperties) = preSolution
		HideSolutionNode = FALSE
	EndGlobalSection
	GlobalSection(NestedProjects) = preSolution
		{FE94046D-A1DA-43B0-8AD9-FA1AC9EE2F5D} = {5902DBD2-6389-489A-91A3-F7444471D481}
		{8EFEF697-6829-4118-9248-3580EEEAC996} = {5902DBD2-6389-489A-91A3-F7444471D481}
		{C0875ADC-EADC-438E-8B59-882F05BB8C0A} = {5902DBD2-6389-489A-91A3-F7444471D481}
		{14ABFCF2-7CB7-4629-90EB-DC1FB807BE41} = {5902DBD2-6389-489A-91A3-F7444471D481}
		{F1F9469D-5E01-4072-A9FD-3863771270B2} = {5902DBD2-6389-489A-91A3-F7444471D481}
		{3B1B6E7E-155C-45FE-9714-DD4411B7D96D} = {5902DBD2-6389-489A-91A3-F7444471D481}
		{7587F7B4-FF1A-425D-A1BC-D9FCB099B054} = {5902DBD2-6389-489A-91A3-F7444471D481}
		{D0AD7BC1-4023-4A7C-ACB5-98D9A7C2CC2F} = {5902DBD2-6389-489A-91A3-F7444471D481}
		{D04AFEC4-DB3D-455D-9513-2D883D75083A} = {5902DBD2-6389-489A-91A3-F7444471D481}
		{A40875E7-CD59-4962-8F28-6804E4B88BF9} = {C0652282-B799-4F51-8F55-B688A89EF266}
		{5DAB9C11-BB4B-4C0B-BC7F-CBECC0F3C2B0} = {C0652282-B799-4F51-8F55-B688A89EF266}
		{ECBCE8E2-3539-4EB0-A359-3D887DB9DCCD} = {C0652282-B799-4F51-8F55-B688A89EF266}
		{4D445D35-D8E2-4F8F-B396-932F8A24B08C} = {C0652282-B799-4F51-8F55-B688A89EF266}
		{B013E16B-A7E2-43BC-97A1-54986278061A} = {C0652282-B799-4F51-8F55-B688A89EF266}
		{B63F8F14-139E-408E-9253-EF2929E055E7} = {C0652282-B799-4F51-8F55-B688A89EF266}
		{B0B6A828-AC73-4DDA-9D7B-3B902763F065} = {C0652282-B799-4F51-8F55-B688A89EF266}
		{163A872C-AF22-4084-BC7C-0E5FD894C1FB} = {C0652282-B799-4F51-8F55-B688A89EF266}
	EndGlobalSection
	GlobalSection(ExtensibilityGlobals) = postSolution
		SolutionGuid = {D079E9FD-F726-43C7-9A44-91D1B7AFA8BD}
	EndGlobalSection
EndGlobal
